
Microsoft Visual Studio Solution File, Format Version 12.00
# Visual Studio Version 17
VisualStudioVersion = 17.0.31903.59
MinimumVisualStudioVersion = 10.0.40219.1
Project("{9A19103F-16F7-4668-BE54-9A1E7A4F7556}") = "Queue", "Queue\Queue.csproj", "{B4185A56-C0C2-47F0-8646-20BF4A2FCE36}"
EndProject
Project("{E53339B2-1760-4266-BCC7-CA923CBCF16C}") = "docker-compose", "docker-compose.dcproj", "{3282B2B5-9428-41FC-A79F-D95A21EA02B1}"
EndProject
Global
	GlobalSection(SolutionConfigurationPlatforms) = preSolution
		Debug|Any CPU = Debug|Any CPU
		Release|Any CPU = Release|Any CPU
	EndGlobalSection
	GlobalSection(ProjectConfigurationPlatforms) = postSolution
		{B4185A56-C0C2-47F0-8646-20BF4A2FCE36}.Debug|Any CPU.ActiveCfg = Debug|Any CPU
		{B4185A56-C0C2-47F0-8646-20BF4A2FCE36}.Debug|Any CPU.Build.0 = Debug|Any CPU
		{B4185A56-C0C2-47F0-8646-20BF4A2FCE36}.Release|Any CPU.ActiveCfg = Release|Any CPU
		{B4185A56-C0C2-47F0-8646-20BF4A2FCE36}.Release|Any CPU.Build.0 = Release|Any CPU
		{3282B2B5-9428-41FC-A79F-D95A21EA02B1}.Debug|Any CPU.ActiveCfg = Debug|Any CPU
		{3282B2B5-9428-41FC-A79F-D95A21EA02B1}.Debug|Any CPU.Build.0 = Debug|Any CPU
		{3282B2B5-9428-41FC-A79F-D95A21EA02B1}.Release|Any CPU.ActiveCfg = Release|Any CPU
		{3282B2B5-9428-41FC-A79F-D95A21EA02B1}.Release|Any CPU.Build.0 = Release|Any CPU
	EndGlobalSection
	GlobalSection(SolutionProperties) = preSolution
		HideSolutionNode = FALSE
	EndGlobalSection
EndGlobal
